{
  "name": "cord-19",
  "lockfileVersion": 3,
  "requires": true,
  "packages": {
    "": {
      "name": "cord-19",
      "dependencies": {
        "ngraph.centrality": "^2.0.0",
        "ngraph.graph": "^19.0.3",
        "ngraph.offline.layout": "^1.1.1",
        "ngraph.pagerank": "^2.0.0",
        "ngraph.tobinary": "^1.0.2"
      }
    },
    "node_modules/dotparser": {
      "version": "0.4.0",
      "resolved": "https://registry.npmjs.org/dotparser/-/dotparser-0.4.0.tgz",
      "integrity": "sha512-l4QBA70CRa3D0Dcm+QKPJeTrmOQopxHNWhd+xupkSJh+aFtuqPEDtsBhezdtcoQJd1LaKdtrqDbxt+63kRzoLw=="
    },
    "node_modules/minimist": {
      "version": "1.2.8",
      "resolved": "https://registry.npmjs.org/minimist/-/minimist-1.2.8.tgz",
      "integrity": "sha512-2yyAR8qBkN3YuheJanUpWC5U3bb5osDywNB8RzDVlDwDHbocAJveqqj1u8+SVD7jkWT4yvsHCpWqqWqAxb0zCA==",
      "funding": {
        "url": "https://github.com/sponsors/ljharb"
      }
    },
    "node_modules/mkdirp": {
      "version": "0.5.6",
      "resolved": "https://registry.npmjs.org/mkdirp/-/mkdirp-0.5.6.tgz",
      "integrity": "sha512-FP+p8RB8OWpF3YZBCrP5gtADmtXApB5AMLn+vdyA+PyxCjrCs00mjyUozssO33cwDeT3wNGdLxJ5M//YqtHAJw==",
      "dependencies": {
        "minimist": "^1.2.6"
      },
      "bin": {
        "mkdirp": "bin/cmd.js"
      }
    },
    "node_modules/ngraph.centrality": {
      "version": "2.0.0",
      "resolved": "https://registry.npmjs.org/ngraph.centrality/-/ngraph.centrality-2.0.0.tgz",
      "integrity": "sha512-YuOb8qzZg/5AeEKXAfAmpCnMuDx9AmxG86rytXqfI+zlomGv+zhYMMF3AG+nPRGM7bUi/i58nKcFYXGuiYmhAg=="
    },
    "node_modules/ngraph.events": {
      "version": "1.2.1",
      "resolved": "https://registry.npmjs.org/ngraph.events/-/ngraph.events-1.2.1.tgz",
      "integrity": "sha512-D4C+nXH/RFxioGXQdHu8ELDtC6EaCiNsZtih0IvyGN81OZSUby4jXoJ5+RNWasfsd0FnKxxpAROyUMzw64QNsw=="
    },
    "node_modules/ngraph.expose": {
      "version": "0.0.0",
      "resolved": "https://registry.npmjs.org/ngraph.expose/-/ngraph.expose-0.0.0.tgz",
      "integrity": "sha1-dGw0kDo4SMRdAzsUvGRhnqhf5ao="
    },
    "node_modules/ngraph.forcelayout": {
      "version": "0.0.22",
      "resolved": "https://registry.npmjs.org/ngraph.forcelayout/-/ngraph.forcelayout-0.0.22.tgz",
      "integrity": "sha1-2sa+5PJBC4J6UfM+OnbTDZkGSec=",
      "dependencies": {
        "ngraph.events": "0.0.3",
        "ngraph.physics.simulator": "0.0.12"
      }
    },
    "node_modules/ngraph.forcelayout/node_modules/ngraph.events": {
      "version": "0.0.3",
      "resolved": "https://registry.npmjs.org/ngraph.events/-/ngraph.events-0.0.3.tgz",
      "integrity": "sha1-OPVTFvPSB61jH/lPZiLKjywOh9A="
    },
    "node_modules/ngraph.forcelayout3d": {
      "version": "0.0.15",
      "resolved": "https://registry.npmjs.org/ngraph.forcelayout3d/-/ngraph.forcelayout3d-0.0.15.tgz",
      "integrity": "sha1-ED+5EnEeQ1MgNcW/GwP8Hu3eKgM=",
      "dependencies": {
        "ngraph.expose": "0.0.0",
        "ngraph.forcelayout": "0.0.22",
        "ngraph.merge": "0.0.1",
        "ngraph.physics.primitives": "0.0.7",
        "ngraph.quadtreebh3d": "0.0.3",
        "ngraph.random": "0.0.1"
      }
    },
    "node_modules/ngraph.fromdot": {
      "version": "5.0.0",
      "resolved": "https://registry.npmjs.org/ngraph.fromdot/-/ngraph.fromdot-5.0.0.tgz",
      "integrity": "sha512-uaRLXf21GeUqrtVfwAVG6NOtPhrpzzbw8PJycYiT0LoebQ2OQ/3YEE7ubB04p+Yr1RYlX2BqTGQdUJmkcZ1dWA==",
      "dependencies": {
        "dotparser": "^0.4.0",
        "ngraph.graph": "18.0.0"
      }
    },
    "node_modules/ngraph.fromdot/node_modules/ngraph.events": {
      "version": "0.0.3",
      "resolved": "https://registry.npmjs.org/ngraph.events/-/ngraph.events-0.0.3.tgz",
      "integrity": "sha1-OPVTFvPSB61jH/lPZiLKjywOh9A="
    },
    "node_modules/ngraph.fromdot/node_modules/ngraph.graph": {
      "version": "18.0.0",
      "resolved": "https://registry.npmjs.org/ngraph.graph/-/ngraph.graph-18.0.0.tgz",
      "integrity": "sha512-HH39PulrZrFIcO6Qw4Ts3aYqPauAV/6p2lbbtPiFZoUDAASLtfnfg4wtXohy0ZE9Ik51wUgWaZ+FfyKk/SRlzQ==",
      "dependencies": {
        "ngraph.events": "0.0.3"
      }
    },
    "node_modules/ngraph.graph": {
      "version": "19.0.3",
      "resolved": "https://registry.npmjs.org/ngraph.graph/-/ngraph.graph-19.0.3.tgz",
      "integrity": "sha512-RCwmtHYxoWvTIREu8f37QLtbzj55r+KM9m1/Ssk+0rO4MDX6/rjBNxGZBcf/lu+HbfVz1WDc0/KQFfiZhdDnVg==",
      "dependencies": {
        "ngraph.events": "^1.2.0"
      }
    },
    "node_modules/ngraph.merge": {
      "version": "0.0.1",
      "resolved": "https://registry.npmjs.org/ngraph.merge/-/ngraph.merge-0.0.1.tgz",
      "integrity": "sha1-5OgM43WBo8lrF9VF46Q8hUNLkCU="
    },
    "node_modules/ngraph.offline.layout": {
      "version": "1.1.1",
      "resolved": "https://registry.npmjs.org/ngraph.offline.layout/-/ngraph.offline.layout-1.1.1.tgz",
      "integrity": "sha1-SBCDhyOzdeXdElXztAWtZIZXNP0=",
      "dependencies": {
        "mkdirp": "^0.5.0",
        "ngraph.forcelayout3d": "0.0.15"
      }
    },
    "node_modules/ngraph.pagerank": {
      "version": "2.0.0",
      "resolved": "https://registry.npmjs.org/ngraph.pagerank/-/ngraph.pagerank-2.0.0.tgz",
      "integrity": "sha512-HWrksjxsDUf2VXuvOLGx1yj7Pjl1hMmv94m+wdCL+S6PL6Dma/uVutAgFjAGrZGTN4NtJ4ngNfroAq3e+h4k7g==",
      "dependencies": {
        "ngraph.fromdot": "^5.0.0"
      },
      "bin": {
        "pagrank": "bin/pagerank.js"
      }
    },
    "node_modules/ngraph.physics.primitives": {
      "version": "0.0.7",
      "resolved": "https://registry.npmjs.org/ngraph.physics.primitives/-/ngraph.physics.primitives-0.0.7.tgz",
      "integrity": "sha1-Xcnhebofkubex3SwHNaJFBILeVs="
    },
    "node_modules/ngraph.physics.simulator": {
      "version": "0.0.12",
      "resolved": "https://registry.npmjs.org/ngraph.physics.simulator/-/ngraph.physics.simulator-0.0.12.tgz",
      "integrity": "sha1-JMhZxEDeo2zV2yBbqAoW8SEXQnk=",
      "dependencies": {
        "ngraph.events": "0.0.3",
        "ngraph.expose": "0.0.0",
        "ngraph.merge": "0.0.1",
        "ngraph.physics.primitives": "0.0.7",
        "ngraph.quadtreebh": "0.0.3",
        "ngraph.random": "0.0.1"
      }
    },
    "node_modules/ngraph.physics.simulator/node_modules/ngraph.events": {
      "version": "0.0.3",
      "resolved": "https://registry.npmjs.org/ngraph.events/-/ngraph.events-0.0.3.tgz",
      "integrity": "sha1-OPVTFvPSB61jH/lPZiLKjywOh9A="
    },
    "node_modules/ngraph.quadtreebh": {
      "version": "0.0.3",
      "resolved": "https://registry.npmjs.org/ngraph.quadtreebh/-/ngraph.quadtreebh-0.0.3.tgz",
      "integrity": "sha1-mu4qCTGxl4DTStg2FulqJTZ1EpU=",
      "dependencies": {
        "ngraph.random": "0.0.1"
      }
    },
    "node_modules/ngraph.quadtreebh3d": {
      "version": "0.0.3",
      "resolved": "https://registry.npmjs.org/ngraph.quadtreebh3d/-/ngraph.quadtreebh3d-0.0.3.tgz",
      "integrity": "sha1-eys2vXef62Rnz7d07lnPk7i3Vqg=",
      "dependencies": {
        "ngraph.random": "0.0.1"
      }
    },
    "node_modules/ngraph.random": {
      "version": "0.0.1",
      "resolved": "https://registry.npmjs.org/ngraph.random/-/ngraph.random-0.0.1.tgz",
      "integrity": "sha1-wAji67/f+vF+0Q5LvJE+VnFmvPg="
    },
    "node_modules/ngraph.tobinary": {
      "version": "1.0.2",
      "resolved": "https://registry.npmjs.org/ngraph.tobinary/-/ngraph.tobinary-1.0.2.tgz",
      "integrity": "sha512-UAUpW7vaox880jC413cvrvCUDGjvO8v5iIm5yLIMnfRO8cJELJM1HxPWbWox1Z+g4H57p2xh0GYz2g8vuuoiEw==",
      "dependencies": {
        "mkdirp": "^0.5.0",
        "ngraph.merge": "0.0.1"
      }
    }
  }
}
